// !$*UTF8*$!
{
	archiveVersion = 1;
	classes = {
	};
	objectVersion = 51;
	objects = {

/* Begin PBXBuildFile section */
		5F91046CE3E0F76F414983BB /* Pods_FireChat_MVVM.framework in Frameworks */ = {isa = PBXBuildFile; fileRef = 78EB7BF66FD1E9BE9D28BAD1 /* Pods_FireChat_MVVM.framework */; };
		F00F9BBC267CC85B00A4C406 /* Message.swift in Sources */ = {isa = PBXBuildFile; fileRef = F00F9BBB267CC85B00A4C406 /* Message.swift */; };
		F00F9BBE267D097F00A4C406 /* MessageViewModel.swift in Sources */ = {isa = PBXBuildFile; fileRef = F00F9BBD267D097E00A4C406 /* MessageViewModel.swift */; };
		F032352F2671033700051924 /* LoginController.swift in Sources */ = {isa = PBXBuildFile; fileRef = F032352E2671033700051924 /* LoginController.swift */; };
		F03235312671036800051924 /* RegistrationController.swift in Sources */ = {isa = PBXBuildFile; fileRef = F03235302671036800051924 /* RegistrationController.swift */; };
		F0723BB8267A187A00E88C1B /* UserCell.swift in Sources */ = {isa = PBXBuildFile; fileRef = F0723BB7267A187A00E88C1B /* UserCell.swift */; };
		F0723BBA267A32E700E88C1B /* User.swift in Sources */ = {isa = PBXBuildFile; fileRef = F0723BB9267A32E700E88C1B /* User.swift */; };
		F0723BBC267A339A00E88C1B /* Service.swift in Sources */ = {isa = PBXBuildFile; fileRef = F0723BBB267A339A00E88C1B /* Service.swift */; };
		F0723BBE267A830E00E88C1B /* ChatController.swift in Sources */ = {isa = PBXBuildFile; fileRef = F0723BBD267A830E00E88C1B /* ChatController.swift */; };
		F0AAB6A02678BFB400FFCE6C /* AuthService.swift in Sources */ = {isa = PBXBuildFile; fileRef = F0AAB69F2678BFB400FFCE6C /* AuthService.swift */; };
		F0AAB6A226793A7F00FFCE6C /* NewMessageController.swift in Sources */ = {isa = PBXBuildFile; fileRef = F0AAB6A126793A7F00FFCE6C /* NewMessageController.swift */; };
		F0B3D9B0267B6F0F0021F6AA /* CustomInputAccessoryView.swift in Sources */ = {isa = PBXBuildFile; fileRef = F0B3D9AF267B6F0F0021F6AA /* CustomInputAccessoryView.swift */; };
		F0B3D9B2267BA9BB0021F6AA /* MessageCell.swift in Sources */ = {isa = PBXBuildFile; fileRef = F0B3D9B1267BA9BB0021F6AA /* MessageCell.swift */; };
		F0C653DD268211A400A53A3A /* Constants.swift in Sources */ = {isa = PBXBuildFile; fileRef = F0C653DC268211A400A53A3A /* Constants.swift */; };
		F0E067672672262000187673 /* Extensions.swift in Sources */ = {isa = PBXBuildFile; fileRef = F0E067662672262000187673 /* Extensions.swift */; };
		F0E067692672366300187673 /* InputContainerView.swift in Sources */ = {isa = PBXBuildFile; fileRef = F0E067682672366300187673 /* InputContainerView.swift */; };
		F0E0676B26723CB900187673 /* CustomTextField.swift in Sources */ = {isa = PBXBuildFile; fileRef = F0E0676A26723CB900187673 /* CustomTextField.swift */; };
		F0F6A824267757940063C9FB /* CustomButton.swift in Sources */ = {isa = PBXBuildFile; fileRef = F0F6A823267757940063C9FB /* CustomButton.swift */; };
		F0F6A82626775AAB0063C9FB /* AccountButton.swift in Sources */ = {isa = PBXBuildFile; fileRef = F0F6A82526775AAB0063C9FB /* AccountButton.swift */; };
		F0F6A8282677617B0063C9FB /* LoginViewModel.swift in Sources */ = {isa = PBXBuildFile; fileRef = F0F6A8272677617B0063C9FB /* LoginViewModel.swift */; };
		F0F6A82A26778A930063C9FB /* RegisterViewModel.swift in Sources */ = {isa = PBXBuildFile; fileRef = F0F6A82926778A930063C9FB /* RegisterViewModel.swift */; };
		F0F6A82D2677A59A0063C9FB /* GoogleService-Info.plist in Resources */ = {isa = PBXBuildFile; fileRef = F0F6A82C2677A59A0063C9FB /* GoogleService-Info.plist */; };
		F0F9F7E526700B3B00C9A952 /* AppDelegate.swift in Sources */ = {isa = PBXBuildFile; fileRef = F0F9F7E426700B3B00C9A952 /* AppDelegate.swift */; };
		F0F9F7E726700B3B00C9A952 /* ViewController.swift in Sources */ = {isa = PBXBuildFile; fileRef = F0F9F7E626700B3B00C9A952 /* ViewController.swift */; };
		F0F9F7EA26700B3B00C9A952 /* Main.storyboard in Resources */ = {isa = PBXBuildFile; fileRef = F0F9F7E826700B3B00C9A952 /* Main.storyboard */; };
		F0F9F7EC26700B3F00C9A952 /* Assets.xcassets in Resources */ = {isa = PBXBuildFile; fileRef = F0F9F7EB26700B3F00C9A952 /* Assets.xcassets */; };
		F0F9F7EF26700B3F00C9A952 /* LaunchScreen.storyboard in Resources */ = {isa = PBXBuildFile; fileRef = F0F9F7ED26700B3F00C9A952 /* LaunchScreen.storyboard */; };
		F0F9F80026701C9E00C9A952 /* ConversationsController.swift in Sources */ = {isa = PBXBuildFile; fileRef = F0F9F7FF26701C9E00C9A952 /* ConversationsController.swift */; };
		F0F9F80226702ABD00C9A952 /* MainNavigationController.swift in Sources */ = {isa = PBXBuildFile; fileRef = F0F9F80126702ABD00C9A952 /* MainNavigationController.swift */; };
/* End PBXBuildFile section */

/* Begin PBXFileReference section */
		0C20E77F90963A55A279D697 /* Pods-FireChat MVVM.release.xcconfig */ = {isa = PBXFileReference; includeInIndex = 1; lastKnownFileType = text.xcconfig; name = "Pods-FireChat MVVM.release.xcconfig"; path = "Target Support Files/Pods-FireChat MVVM/Pods-FireChat MVVM.release.xcconfig"; sourceTree = "<group>"; };
		78EB7BF66FD1E9BE9D28BAD1 /* Pods_FireChat_MVVM.framework */ = {isa = PBXFileReference; explicitFileType = wrapper.framework; includeInIndex = 0; path = Pods_FireChat_MVVM.framework; sourceTree = BUILT_PRODUCTS_DIR; };
		C2E29256FBC0B2CC08B91A5C /* Pods-FireChat MVVM.debug.xcconfig */ = {isa = PBXFileReference; includeInIndex = 1; lastKnownFileType = text.xcconfig; name = "Pods-FireChat MVVM.debug.xcconfig"; path = "Target Support Files/Pods-FireChat MVVM/Pods-FireChat MVVM.debug.xcconfig"; sourceTree = "<group>"; };
		F00F9BBB267CC85B00A4C406 /* Message.swift */ = {isa = PBXFileReference; lastKnownFileType = sourcecode.swift; path = Message.swift; sourceTree = "<group>"; };
		F00F9BBD267D097E00A4C406 /* MessageViewModel.swift */ = {isa = PBXFileReference; lastKnownFileType = sourcecode.swift; path = MessageViewModel.swift; sourceTree = "<group>"; };
		F032352E2671033700051924 /* LoginController.swift */ = {isa = PBXFileReference; lastKnownFileType = sourcecode.swift; path = LoginController.swift; sourceTree = "<group>"; };
		F03235302671036800051924 /* RegistrationController.swift */ = {isa = PBXFileReference; lastKnownFileType = sourcecode.swift; path = RegistrationController.swift; sourceTree = "<group>"; };
		F0723BB7267A187A00E88C1B /* UserCell.swift */ = {isa = PBXFileReference; lastKnownFileType = sourcecode.swift; path = UserCell.swift; sourceTree = "<group>"; };
		F0723BB9267A32E700E88C1B /* User.swift */ = {isa = PBXFileReference; lastKnownFileType = sourcecode.swift; path = User.swift; sourceTree = "<group>"; };
		F0723BBB267A339A00E88C1B /* Service.swift */ = {isa = PBXFileReference; lastKnownFileType = sourcecode.swift; path = Service.swift; sourceTree = "<group>"; };
		F0723BBD267A830E00E88C1B /* ChatController.swift */ = {isa = PBXFileReference; lastKnownFileType = sourcecode.swift; path = ChatController.swift; sourceTree = "<group>"; };
		F0AAB69F2678BFB400FFCE6C /* AuthService.swift */ = {isa = PBXFileReference; lastKnownFileType = sourcecode.swift; path = AuthService.swift; sourceTree = "<group>"; };
		F0AAB6A126793A7F00FFCE6C /* NewMessageController.swift */ = {isa = PBXFileReference; lastKnownFileType = sourcecode.swift; path = NewMessageController.swift; sourceTree = "<group>"; };
		F0B3D9AF267B6F0F0021F6AA /* CustomInputAccessoryView.swift */ = {isa = PBXFileReference; lastKnownFileType = sourcecode.swift; path = CustomInputAccessoryView.swift; sourceTree = "<group>"; };
		F0B3D9B1267BA9BB0021F6AA /* MessageCell.swift */ = {isa = PBXFileReference; lastKnownFileType = sourcecode.swift; path = MessageCell.swift; sourceTree = "<group>"; };
		F0C653DC268211A400A53A3A /* Constants.swift */ = {isa = PBXFileReference; lastKnownFileType = sourcecode.swift; path = Constants.swift; sourceTree = "<group>"; };
		F0E067662672262000187673 /* Extensions.swift */ = {isa = PBXFileReference; lastKnownFileType = sourcecode.swift; path = Extensions.swift; sourceTree = "<group>"; };
		F0E067682672366300187673 /* InputContainerView.swift */ = {isa = PBXFileReference; lastKnownFileType = sourcecode.swift; path = InputContainerView.swift; sourceTree = "<group>"; };
		F0E0676A26723CB900187673 /* CustomTextField.swift */ = {isa = PBXFileReference; lastKnownFileType = sourcecode.swift; path = CustomTextField.swift; sourceTree = "<group>"; };
		F0F6A823267757940063C9FB /* CustomButton.swift */ = {isa = PBXFileReference; lastKnownFileType = sourcecode.swift; path = CustomButton.swift; sourceTree = "<group>"; };
		F0F6A82526775AAB0063C9FB /* AccountButton.swift */ = {isa = PBXFileReference; lastKnownFileType = sourcecode.swift; path = AccountButton.swift; sourceTree = "<group>"; };
		F0F6A8272677617B0063C9FB /* LoginViewModel.swift */ = {isa = PBXFileReference; lastKnownFileType = sourcecode.swift; path = LoginViewModel.swift; sourceTree = "<group>"; };
		F0F6A82926778A930063C9FB /* RegisterViewModel.swift */ = {isa = PBXFileReference; lastKnownFileType = sourcecode.swift; path = RegisterViewModel.swift; sourceTree = "<group>"; };
		F0F6A82C2677A59A0063C9FB /* GoogleService-Info.plist */ = {isa = PBXFileReference; fileEncoding = 4; lastKnownFileType = text.plist.xml; path = "GoogleService-Info.plist"; sourceTree = SOURCE_ROOT; };
		F0F9F7E126700B3B00C9A952 /* FireChat MVVM.app */ = {isa = PBXFileReference; explicitFileType = wrapper.application; includeInIndex = 0; path = "FireChat MVVM.app"; sourceTree = BUILT_PRODUCTS_DIR; };
		F0F9F7E426700B3B00C9A952 /* AppDelegate.swift */ = {isa = PBXFileReference; lastKnownFileType = sourcecode.swift; path = AppDelegate.swift; sourceTree = "<group>"; };
		F0F9F7E626700B3B00C9A952 /* ViewController.swift */ = {isa = PBXFileReference; lastKnownFileType = sourcecode.swift; path = ViewController.swift; sourceTree = "<group>"; };
		F0F9F7E926700B3B00C9A952 /* Base */ = {isa = PBXFileReference; lastKnownFileType = file.storyboard; name = Base; path = Base.lproj/Main.storyboard; sourceTree = "<group>"; };
		F0F9F7EB26700B3F00C9A952 /* Assets.xcassets */ = {isa = PBXFileReference; lastKnownFileType = folder.assetcatalog; path = Assets.xcassets; sourceTree = "<group>"; };
		F0F9F7EE26700B3F00C9A952 /* Base */ = {isa = PBXFileReference; lastKnownFileType = file.storyboard; name = Base; path = Base.lproj/LaunchScreen.storyboard; sourceTree = "<group>"; };
		F0F9F7F026700B3F00C9A952 /* Info.plist */ = {isa = PBXFileReference; lastKnownFileType = text.plist.xml; path = Info.plist; sourceTree = "<group>"; };
		F0F9F7FF26701C9E00C9A952 /* ConversationsController.swift */ = {isa = PBXFileReference; lastKnownFileType = sourcecode.swift; path = ConversationsController.swift; sourceTree = "<group>"; };
		F0F9F80126702ABD00C9A952 /* MainNavigationController.swift */ = {isa = PBXFileReference; lastKnownFileType = sourcecode.swift; path = MainNavigationController.swift; sourceTree = "<group>"; };
/* End PBXFileReference section */

/* Begin PBXFrameworksBuildPhase section */
		F0F9F7DE26700B3B00C9A952 /* Frameworks */ = {
			isa = PBXFrameworksBuildPhase;
			buildActionMask = 2147483647;
			files = (
				5F91046CE3E0F76F414983BB /* Pods_FireChat_MVVM.framework in Frameworks */,
			);
			runOnlyForDeploymentPostprocessing = 0;
		};
/* End PBXFrameworksBuildPhase section */

/* Begin PBXGroup section */
		24963CA43C0EA1B22BF1D12B /* Frameworks */ = {
			isa = PBXGroup;
			children = (
				78EB7BF66FD1E9BE9D28BAD1 /* Pods_FireChat_MVVM.framework */,
			);
			name = Frameworks;
			sourceTree = "<group>";
		};
		8CB60A00A056A47B3EADEACD /* Pods */ = {
			isa = PBXGroup;
			children = (
				C2E29256FBC0B2CC08B91A5C /* Pods-FireChat MVVM.debug.xcconfig */,
				0C20E77F90963A55A279D697 /* Pods-FireChat MVVM.release.xcconfig */,
			);
			path = Pods;
			sourceTree = "<group>";
		};
		F032352D2671031900051924 /* Authentication */ = {
			isa = PBXGroup;
			children = (
				F032352E2671033700051924 /* LoginController.swift */,
				F03235302671036800051924 /* RegistrationController.swift */,
			);
			path = Authentication;
			sourceTree = "<group>";
		};
		F0F6A82B26778AF30063C9FB /* Authentication */ = {
			isa = PBXGroup;
			children = (
				F0F6A8272677617B0063C9FB /* LoginViewModel.swift */,
				F0F6A82926778A930063C9FB /* RegisterViewModel.swift */,
			);
			path = Authentication;
			sourceTree = "<group>";
		};
		F0F9F7D826700B3A00C9A952 = {
			isa = PBXGroup;
			children = (
				F0F9F7E326700B3B00C9A952 /* FireChat MVVM */,
				F0F9F7E226700B3B00C9A952 /* Products */,
				8CB60A00A056A47B3EADEACD /* Pods */,
				24963CA43C0EA1B22BF1D12B /* Frameworks */,
			);
			sourceTree = "<group>";
		};
		F0F9F7E226700B3B00C9A952 /* Products */ = {
			isa = PBXGroup;
			children = (
				F0F9F7E126700B3B00C9A952 /* FireChat MVVM.app */,
			);
			name = Products;
			sourceTree = "<group>";
		};
		F0F9F7E326700B3B00C9A952 /* FireChat MVVM */ = {
			isa = PBXGroup;
			children = (
				F0F9F7FE26700DD800C9A952 /* Model */,
				F0F9F7FD26700DD600C9A952 /* View */,
				F0F9F7FA26700DC700C9A952 /* ViewModel */,
				F0F9F7F926700DB800C9A952 /* Controllers */,
				F0F9F7F826700DB500C9A952 /* API */,
				F0F9F7F726700DAD00C9A952 /* Utils */,
				F0F9F7E426700B3B00C9A952 /* AppDelegate.swift */,
				F0F9F7E626700B3B00C9A952 /* ViewController.swift */,
				F0F9F7E826700B3B00C9A952 /* Main.storyboard */,
				F0F9F7EB26700B3F00C9A952 /* Assets.xcassets */,
				F0F9F7ED26700B3F00C9A952 /* LaunchScreen.storyboard */,
				F0F6A82C2677A59A0063C9FB /* GoogleService-Info.plist */,
				F0F9F7F026700B3F00C9A952 /* Info.plist */,
				F0F9F80126702ABD00C9A952 /* MainNavigationController.swift */,
			);
			path = "FireChat MVVM";
			sourceTree = "<group>";
		};
		F0F9F7F726700DAD00C9A952 /* Utils */ = {
			isa = PBXGroup;
			children = (
				F0E067662672262000187673 /* Extensions.swift */,
				F0C653DC268211A400A53A3A /* Constants.swift */,
			);
			path = Utils;
			sourceTree = "<group>";
		};
		F0F9F7F826700DB500C9A952 /* API */ = {
			isa = PBXGroup;
			children = (
				F0AAB69F2678BFB400FFCE6C /* AuthService.swift */,
				F0723BBB267A339A00E88C1B /* Service.swift */,
			);
			path = API;
			sourceTree = "<group>";
		};
		F0F9F7F926700DB800C9A952 /* Controllers */ = {
			isa = PBXGroup;
			children = (
				F032352D2671031900051924 /* Authentication */,
				F0F9F7FF26701C9E00C9A952 /* ConversationsController.swift */,
				F0AAB6A126793A7F00FFCE6C /* NewMessageController.swift */,
				F0723BBD267A830E00E88C1B /* ChatController.swift */,
			);
			path = Controllers;
			sourceTree = "<group>";
		};
		F0F9F7FA26700DC700C9A952 /* ViewModel */ = {
			isa = PBXGroup;
			children = (
				F0F6A82B26778AF30063C9FB /* Authentication */,
				F00F9BBD267D097E00A4C406 /* MessageViewModel.swift */,
			);
			path = ViewModel;
			sourceTree = "<group>";
		};
		F0F9F7FD26700DD600C9A952 /* View */ = {
			isa = PBXGroup;
			children = (
				F0E067682672366300187673 /* InputContainerView.swift */,
				F0E0676A26723CB900187673 /* CustomTextField.swift */,
				F0F6A823267757940063C9FB /* CustomButton.swift */,
				F0F6A82526775AAB0063C9FB /* AccountButton.swift */,
				F0723BB7267A187A00E88C1B /* UserCell.swift */,
				F0B3D9AF267B6F0F0021F6AA /* CustomInputAccessoryView.swift */,
				F0B3D9B1267BA9BB0021F6AA /* MessageCell.swift */,
			);
			path = View;
			sourceTree = "<group>";
		};
		F0F9F7FE26700DD800C9A952 /* Model */ = {
			isa = PBXGroup;
			children = (
				F0723BB9267A32E700E88C1B /* User.swift */,
				F00F9BBB267CC85B00A4C406 /* Message.swift */,
			);
			path = Model;
			sourceTree = "<group>";
		};
/* End PBXGroup section */

/* Begin PBXNativeTarget section */
		F0F9F7E026700B3B00C9A952 /* FireChat MVVM */ = {
			isa = PBXNativeTarget;
			buildConfigurationList = F0F9F7F326700B3F00C9A952 /* Build configuration list for PBXNativeTarget "FireChat MVVM" */;
			buildPhases = (
				33B651BE693C45A5D1B0ED12 /* [CP] Check Pods Manifest.lock */,
				F0F9F7DD26700B3B00C9A952 /* Sources */,
				F0F9F7DE26700B3B00C9A952 /* Frameworks */,
				F0F9F7DF26700B3B00C9A952 /* Resources */,
				E6E5A1495BFA322F91768F0F /* [CP] Embed Pods Frameworks */,
			);
			buildRules = (
			);
			dependencies = (
			);
			name = "FireChat MVVM";
			productName = "FireChat MVVM";
			productReference = F0F9F7E126700B3B00C9A952 /* FireChat MVVM.app */;
			productType = "com.apple.product-type.application";
		};
/* End PBXNativeTarget section */

/* Begin PBXProject section */
		F0F9F7D926700B3A00C9A952 /* Project object */ = {
			isa = PBXProject;
			attributes = {
				LastSwiftUpdateCheck = 1010;
				LastUpgradeCheck = 1010;
				ORGANIZATIONNAME = "Peter Emel";
				TargetAttributes = {
					F0F9F7E026700B3B00C9A952 = {
						CreatedOnToolsVersion = 10.1;
					};
				};
			};
			buildConfigurationList = F0F9F7DC26700B3A00C9A952 /* Build configuration list for PBXProject "FireChat MVVM" */;
			compatibilityVersion = "Xcode 9.3";
			developmentRegion = en;
			hasScannedForEncodings = 0;
			knownRegions = (
				en,
				Base,
			);
			mainGroup = F0F9F7D826700B3A00C9A952;
			productRefGroup = F0F9F7E226700B3B00C9A952 /* Products */;
			projectDirPath = "";
			projectRoot = "";
			targets = (
				F0F9F7E026700B3B00C9A952 /* FireChat MVVM */,
			);
		};
/* End PBXProject section */

/* Begin PBXResourcesBuildPhase section */
		F0F9F7DF26700B3B00C9A952 /* Resources */ = {
			isa = PBXResourcesBuildPhase;
			buildActionMask = 2147483647;
			files = (
				F0F9F7EF26700B3F00C9A952 /* LaunchScreen.storyboard in Resources */,
				F0F6A82D2677A59A0063C9FB /* GoogleService-Info.plist in Resources */,
				F0F9F7EC26700B3F00C9A952 /* Assets.xcassets in Resources */,
				F0F9F7EA26700B3B00C9A952 /* Main.storyboard in Resources */,
			);
			runOnlyForDeploymentPostprocessing = 0;
		};
/* End PBXResourcesBuildPhase section */

/* Begin PBXShellScriptBuildPhase section */
		33B651BE693C45A5D1B0ED12 /* [CP] Check Pods Manifest.lock */ = {
			isa = PBXShellScriptBuildPhase;
			buildActionMask = 2147483647;
			files = (
			);
			inputFileListPaths = (
			);
			inputPaths = (
				"${PODS_PODFILE_DIR_PATH}/Podfile.lock",
				"${PODS_ROOT}/Manifest.lock",
			);
			name = "[CP] Check Pods Manifest.lock";
			outputFileListPaths = (
			);
			outputPaths = (
				"$(DERIVED_FILE_DIR)/Pods-FireChat MVVM-checkManifestLockResult.txt",
			);
			runOnlyForDeploymentPostprocessing = 0;
			shellPath = /bin/sh;
			shellScript = "diff \"${PODS_PODFILE_DIR_PATH}/Podfile.lock\" \"${PODS_ROOT}/Manifest.lock\" > /dev/null\nif [ $? != 0 ] ; then\n    # print error to STDERR\n    echo \"error: The sandbox is not in sync with the Podfile.lock. Run 'pod install' or update your CocoaPods installation.\" >&2\n    exit 1\nfi\n# This output is used by Xcode 'outputs' to avoid re-running this script phase.\necho \"SUCCESS\" > \"${SCRIPT_OUTPUT_FILE_0}\"\n";
			showEnvVarsInLog = 0;
		};
		E6E5A1495BFA322F91768F0F /* [CP] Embed Pods Frameworks */ = {
			isa = PBXShellScriptBuildPhase;
			buildActionMask = 2147483647;
			files = (
			);
			inputFileListPaths = (
				"${PODS_ROOT}/Target Support Files/Pods-FireChat MVVM/Pods-FireChat MVVM-frameworks-${CONFIGURATION}-input-files.xcfilelist",
			);
			name = "[CP] Embed Pods Frameworks";
			outputFileListPaths = (
				"${PODS_ROOT}/Target Support Files/Pods-FireChat MVVM/Pods-FireChat MVVM-frameworks-${CONFIGURATION}-output-files.xcfilelist",
			);
			runOnlyForDeploymentPostprocessing = 0;
			shellPath = /bin/sh;
			shellScript = "\"${PODS_ROOT}/Target Support Files/Pods-FireChat MVVM/Pods-FireChat MVVM-frameworks.sh\"\n";
			showEnvVarsInLog = 0;
		};
/* End PBXShellScriptBuildPhase section */

/* Begin PBXSourcesBuildPhase section */
		F0F9F7DD26700B3B00C9A952 /* Sources */ = {
			isa = PBXSourcesBuildPhase;
			buildActionMask = 2147483647;
			files = (
				F0F9F7E726700B3B00C9A952 /* ViewController.swift in Sources */,
				F0E067692672366300187673 /* InputContainerView.swift in Sources */,
				F0F9F80026701C9E00C9A952 /* ConversationsController.swift in Sources */,
				F0F9F80226702ABD00C9A952 /* MainNavigationController.swift in Sources */,
				F0F6A824267757940063C9FB /* CustomButton.swift in Sources */,
				F0723BBC267A339A00E88C1B /* Service.swift in Sources */,
				F0F6A82626775AAB0063C9FB /* AccountButton.swift in Sources */,
				F0F9F7E526700B3B00C9A952 /* AppDelegate.swift in Sources */,
				F0723BBA267A32E700E88C1B /* User.swift in Sources */,
				F03235312671036800051924 /* RegistrationController.swift in Sources */,
				F0723BB8267A187A00E88C1B /* UserCell.swift in Sources */,
				F0F6A82A26778A930063C9FB /* RegisterViewModel.swift in Sources */,
				F0F6A8282677617B0063C9FB /* LoginViewModel.swift in Sources */,
				F0723BBE267A830E00E88C1B /* ChatController.swift in Sources */,
				F032352F2671033700051924 /* LoginController.swift in Sources */,
				F0B3D9B0267B6F0F0021F6AA /* CustomInputAccessoryView.swift in Sources */,
				F0AAB6A226793A7F00FFCE6C /* NewMessageController.swift in Sources */,
				F00F9BBC267CC85B00A4C406 /* Message.swift in Sources */,
				F0E067672672262000187673 /* Extensions.swift in Sources */,
				F0E0676B26723CB900187673 /* CustomTextField.swift in Sources */,
				F0AAB6A02678BFB400FFCE6C /* AuthService.swift in Sources */,
				F0B3D9B2267BA9BB0021F6AA /* MessageCell.swift in Sources */,
				F00F9BBE267D097F00A4C406 /* MessageViewModel.swift in Sources */,
				F0C653DD268211A400A53A3A /* Constants.swift in Sources */,
			);
			runOnlyForDeploymentPostprocessing = 0;
		};
/* End PBXSourcesBuildPhase section */

/* Begin PBXVariantGroup section */
		F0F9F7E826700B3B00C9A952 /* Main.storyboard */ = {
			isa = PBXVariantGroup;
			children = (
				F0F9F7E926700B3B00C9A952 /* Base */,
			);
			name = Main.storyboard;
			sourceTree = "<group>";
		};
		F0F9F7ED26700B3F00C9A952 /* LaunchScreen.storyboard */ = {
			isa = PBXVariantGroup;
			children = (
				F0F9F7EE26700B3F00C9A952 /* Base */,
			);
			name = LaunchScreen.storyboard;
			sourceTree = "<group>";
		};
/* End PBXVariantGroup section */

/* Begin XCBuildConfiguration section */
		F0F9F7F126700B3F00C9A952 /* Debug */ = {
			isa = XCBuildConfiguration;
			buildSettings = {
				ALWAYS_SEARCH_USER_PATHS = NO;
				CLANG_ANALYZER_NONNULL = YES;
				CLANG_ANALYZER_NUMBER_OBJECT_CONVERSION = YES_AGGRESSIVE;
				CLANG_CXX_LANGUAGE_STANDARD = "gnu++14";
				CLANG_CXX_LIBRARY = "libc++";
				CLANG_ENABLE_MODULES = YES;
				CLANG_ENABLE_OBJC_ARC = YES;
				CLANG_ENABLE_OBJC_WEAK = YES;
				CLANG_WARN_BLOCK_CAPTURE_AUTORELEASING = YES;
				CLANG_WARN_BOOL_CONVERSION = YES;
				CLANG_WARN_COMMA = YES;
				CLANG_WARN_CONSTANT_CONVERSION = YES;
				CLANG_WARN_DEPRECATED_OBJC_IMPLEMENTATIONS = YES;
				CLANG_WARN_DIRECT_OBJC_ISA_USAGE = YES_ERROR;
				CLANG_WARN_DOCUMENTATION_COMMENTS = YES;
				CLANG_WARN_EMPTY_BODY = YES;
				CLANG_WARN_ENUM_CONVERSION = YES;
				CLANG_WARN_INFINITE_RECURSION = YES;
				CLANG_WARN_INT_CONVERSION = YES;
				CLANG_WARN_NON_LITERAL_NULL_CONVERSION = YES;
				CLANG_WARN_OBJC_IMPLICIT_RETAIN_SELF = YES;
				CLANG_WARN_OBJC_LITERAL_CONVERSION = YES;
				CLANG_WARN_OBJC_ROOT_CLASS = YES_ERROR;
				CLANG_WARN_RANGE_LOOP_ANALYSIS = YES;
				CLANG_WARN_STRICT_PROTOTYPES = YES;
				CLANG_WARN_SUSPICIOUS_MOVE = YES;
				CLANG_WARN_UNGUARDED_AVAILABILITY = YES_AGGRESSIVE;
				CLANG_WARN_UNREACHABLE_CODE = YES;
				CLANG_WARN__DUPLICATE_METHOD_MATCH = YES;
				CODE_SIGN_IDENTITY = "iPhone Developer";
				COPY_PHASE_STRIP = NO;
				DEBUG_INFORMATION_FORMAT = dwarf;
				ENABLE_STRICT_OBJC_MSGSEND = YES;
				ENABLE_TESTABILITY = YES;
				GCC_C_LANGUAGE_STANDARD = gnu11;
				GCC_DYNAMIC_NO_PIC = NO;
				GCC_NO_COMMON_BLOCKS = YES;
				GCC_OPTIMIZATION_LEVEL = 0;
				GCC_PREPROCESSOR_DEFINITIONS = (
					"DEBUG=1",
					"$(inherited)",
				);
				GCC_WARN_64_TO_32_BIT_CONVERSION = YES;
				GCC_WARN_ABOUT_RETURN_TYPE = YES_ERROR;
				GCC_WARN_UNDECLARED_SELECTOR = YES;
				GCC_WARN_UNINITIALIZED_AUTOS = YES_AGGRESSIVE;
				GCC_WARN_UNUSED_FUNCTION = YES;
				GCC_WARN_UNUSED_VARIABLE = YES;
				IPHONEOS_DEPLOYMENT_TARGET = 12.1;
				MTL_ENABLE_DEBUG_INFO = INCLUDE_SOURCE;
				MTL_FAST_MATH = YES;
				ONLY_ACTIVE_ARCH = YES;
				SDKROOT = iphoneos;
				SWIFT_ACTIVE_COMPILATION_CONDITIONS = DEBUG;
				SWIFT_OPTIMIZATION_LEVEL = "-Onone";
			};
			name = Debug;
		};
		F0F9F7F226700B3F00C9A952 /* Release */ = {
			isa = XCBuildConfiguration;
			buildSettings = {
				ALWAYS_SEARCH_USER_PATHS = NO;
				CLANG_ANALYZER_NONNULL = YES;
				CLANG_ANALYZER_NUMBER_OBJECT_CONVERSION = YES_AGGRESSIVE;
				CLANG_CXX_LANGUAGE_STANDARD = "gnu++14";
				CLANG_CXX_LIBRARY = "libc++";
				CLANG_ENABLE_MODULES = YES;
				CLANG_ENABLE_OBJC_ARC = YES;
				CLANG_ENABLE_OBJC_WEAK = YES;
				CLANG_WARN_BLOCK_CAPTURE_AUTORELEASING = YES;
				CLANG_WARN_BOOL_CONVERSION = YES;
				CLANG_WARN_COMMA = YES;
				CLANG_WARN_CONSTANT_CONVERSION = YES;
				CLANG_WARN_DEPRECATED_OBJC_IMPLEMENTATIONS = YES;
				CLANG_WARN_DIRECT_OBJC_ISA_USAGE = YES_ERROR;
				CLANG_WARN_DOCUMENTATION_COMMENTS = YES;
				CLANG_WARN_EMPTY_BODY = YES;
				CLANG_WARN_ENUM_CONVERSION = YES;
				CLANG_WARN_INFINITE_RECURSION = YES;
				CLANG_WARN_INT_CONVERSION = YES;
				CLANG_WARN_NON_LITERAL_NULL_CONVERSION = YES;
				CLANG_WARN_OBJC_IMPLICIT_RETAIN_SELF = YES;
				CLANG_WARN_OBJC_LITERAL_CONVERSION = YES;
				CLANG_WARN_OBJC_ROOT_CLASS = YES_ERROR;
				CLANG_WARN_RANGE_LOOP_ANALYSIS = YES;
				CLANG_WARN_STRICT_PROTOTYPES = YES;
				CLANG_WARN_SUSPICIOUS_MOVE = YES;
				CLANG_WARN_UNGUARDED_AVAILABILITY = YES_AGGRESSIVE;
				CLANG_WARN_UNREACHABLE_CODE = YES;
				CLANG_WARN__DUPLICATE_METHOD_MATCH = YES;
				CODE_SIGN_IDENTITY = "iPhone Developer";
				COPY_PHASE_STRIP = NO;
				DEBUG_INFORMATION_FORMAT = "dwarf-with-dsym";
				ENABLE_NS_ASSERTIONS = NO;
				ENABLE_STRICT_OBJC_MSGSEND = YES;
				GCC_C_LANGUAGE_STANDARD = gnu11;
				GCC_NO_COMMON_BLOCKS = YES;
				GCC_WARN_64_TO_32_BIT_CONVERSION = YES;
				GCC_WARN_ABOUT_RETURN_TYPE = YES_ERROR;
				GCC_WARN_UNDECLARED_SELECTOR = YES;
				GCC_WARN_UNINITIALIZED_AUTOS = YES_AGGRESSIVE;
				GCC_WARN_UNUSED_FUNCTION = YES;
				GCC_WARN_UNUSED_VARIABLE = YES;
				IPHONEOS_DEPLOYMENT_TARGET = 12.1;
				MTL_ENABLE_DEBUG_INFO = NO;
				MTL_FAST_MATH = YES;
				SDKROOT = iphoneos;
				SWIFT_COMPILATION_MODE = wholemodule;
				SWIFT_OPTIMIZATION_LEVEL = "-O";
				VALIDATE_PRODUCT = YES;
			};
			name = Release;
		};
		F0F9F7F426700B3F00C9A952 /* Debug */ = {
			isa = XCBuildConfiguration;
			baseConfigurationReference = C2E29256FBC0B2CC08B91A5C /* Pods-FireChat MVVM.debug.xcconfig */;
			buildSettings = {
				ASSETCATALOG_COMPILER_APPICON_NAME = AppIcon;
				CODE_SIGN_IDENTITY = "iPhone Developer";
				CODE_SIGN_STYLE = Automatic;
				DEVELOPMENT_TEAM = "";
				INFOPLIST_FILE = "FireChat MVVM/Info.plist";
				IPHONEOS_DEPLOYMENT_TARGET = 12.1;
				LD_RUNPATH_SEARCH_PATHS = (
					"$(inherited)",
					"@executable_path/Frameworks",
				);
				PRODUCT_BUNDLE_IDENTIFIER = "PeterEmel.FireChat-MVVM";
				PRODUCT_NAME = "$(TARGET_NAME)";
				PROVISIONING_PROFILE_SPECIFIER = "";
				SWIFT_VERSION = 4.2;
				TARGETED_DEVICE_FAMILY = "1,2";
			};
			name = Debug;
		};
		F0F9F7F526700B3F00C9A952 /* Release */ = {
			isa = XCBuildConfiguration;
			baseConfigurationReference = 0C20E77F90963A55A279D697 /* Pods-FireChat MVVM.release.xcconfig */;
			buildSettings = {
				ASSETCATALOG_COMPILER_APPICON_NAME = AppIcon;
				CODE_SIGN_IDENTITY = "iPhone Developer";
				CODE_SIGN_STYLE = Automatic;
				DEVELOPMENT_TEAM = "";
				INFOPLIST_FILE = "FireChat MVVM/Info.plist";
				IPHONEOS_DEPLOYMENT_TARGET = 12.1;
				LD_RUNPATH_SEARCH_PATHS = (
					"$(inherited)",
					"@executable_path/Frameworks",
				);
				PRODUCT_BUNDLE_IDENTIFIER = "PeterEmel.FireChat-MVVM";
				PRODUCT_NAME = "$(TARGET_NAME)";
				PROVISIONING_PROFILE_SPECIFIER = "";
				SWIFT_VERSION = 4.2;
				TARGETED_DEVICE_FAMILY = "1,2";
			};
			name = Release;
		};
/* End XCBuildConfiguration section */

/* Begin XCConfigurationList section */
		F0F9F7DC26700B3A00C9A952 /* Build configuration list for PBXProject "FireChat MVVM" */ = {
			isa = XCConfigurationList;
			buildConfigurations = (
				F0F9F7F126700B3F00C9A952 /* Debug */,
				F0F9F7F226700B3F00C9A952 /* Release */,
			);
			defaultConfigurationIsVisible = 0;
			defaultConfigurationName = Release;
		};
		F0F9F7F326700B3F00C9A952 /* Build configuration list for PBXNativeTarget "FireChat MVVM" */ = {
			isa = XCConfigurationList;
			buildConfigurations = (
				F0F9F7F426700B3F00C9A952 /* Debug */,
				F0F9F7F526700B3F00C9A952 /* Release */,
			);
			defaultConfigurationIsVisible = 0;
			defaultConfigurationName = Release;
		};
/* End XCConfigurationList section */
	};
	rootObject = F0F9F7D926700B3A00C9A952 /* Project object */;
}
